// !$*UTF8*$!
{
	archiveVersion = 1;
	classes = {
	};
	objectVersion = 48;
	objects = {

/* Begin PBXBuildFile section */
		AE1DEF3920ED779F000ADE19 /* AppDelegate.swift in Sources */ = {isa = PBXBuildFile; fileRef = AE1DEF3820ED779F000ADE19 /* AppDelegate.swift */; };
		AE1DEF3B20ED779F000ADE19 /* ViewController.swift in Sources */ = {isa = PBXBuildFile; fileRef = AE1DEF3A20ED779F000ADE19 /* ViewController.swift */; };
		AE1DEF3E20ED779F000ADE19 /* Main.storyboard in Resources */ = {isa = PBXBuildFile; fileRef = AE1DEF3C20ED779F000ADE19 /* Main.storyboard */; };
		AE1DEF4320ED779F000ADE19 /* LaunchScreen.storyboard in Resources */ = {isa = PBXBuildFile; fileRef = AE1DEF4120ED779F000ADE19 /* LaunchScreen.storyboard */; };
		AE1DEF4E20ED779F000ADE19 /* LithiumSecureMessagesTests.swift in Sources */ = {isa = PBXBuildFile; fileRef = AE1DEF4D20ED779F000ADE19 /* LithiumSecureMessagesTests.swift */; };
		AE1DEF5920ED779F000ADE19 /* LithiumSecureMessagesUITests.swift in Sources */ = {isa = PBXBuildFile; fileRef = AE1DEF5820ED779F000ADE19 /* LithiumSecureMessagesUITests.swift */; };
		AE1DEF6720ED784F000ADE19 /* Assets.xcassets in Resources */ = {isa = PBXBuildFile; fileRef = AE1DEF6620ED784F000ADE19 /* Assets.xcassets */; };
		AEC2F0E520EDD05A006DF6E8 /* Smooch.framework in Frameworks */ = {isa = PBXBuildFile; fileRef = AEC2F0E220ED8126006DF6E8 /* Smooch.framework */; };
		AEC2F0E620EDD05A006DF6E8 /* Smooch.framework in Embed Frameworks */ = {isa = PBXBuildFile; fileRef = AEC2F0E220ED8126006DF6E8 /* Smooch.framework */; settings = {ATTRIBUTES = (CodeSignOnCopy, RemoveHeadersOnCopy, ); }; };
		AEC2F0E820EE9D3D006DF6E8 /* SmoochLocalizable.strings.BAK in Resources */ = {isa = PBXBuildFile; fileRef = AEC2F0E720EE9D3D006DF6E8 /* SmoochLocalizable.strings.BAK */; };
/* End PBXBuildFile section */

/* Begin PBXContainerItemProxy section */
		AE1DEF4A20ED779F000ADE19 /* PBXContainerItemProxy */ = {
			isa = PBXContainerItemProxy;
			containerPortal = AE1DEF2D20ED779F000ADE19 /* Project object */;
			proxyType = 1;
			remoteGlobalIDString = AE1DEF3420ED779F000ADE19;
			remoteInfo = LithiumSecureMessages;
		};
		AE1DEF5520ED779F000ADE19 /* PBXContainerItemProxy */ = {
			isa = PBXContainerItemProxy;
			containerPortal = AE1DEF2D20ED779F000ADE19 /* Project object */;
			proxyType = 1;
			remoteGlobalIDString = AE1DEF3420ED779F000ADE19;
			remoteInfo = LithiumSecureMessages;
		};
/* End PBXContainerItemProxy section */

/* Begin PBXCopyFilesBuildPhase section */
		AE1DEF6D20ED79B6000ADE19 /* Embed Frameworks */ = {
			isa = PBXCopyFilesBuildPhase;
			buildActionMask = 2147483647;
			dstPath = "";
			dstSubfolderSpec = 10;
			files = (
				AEC2F0E620EDD05A006DF6E8 /* Smooch.framework in Embed Frameworks */,
			);
			name = "Embed Frameworks";
			runOnlyForDeploymentPostprocessing = 0;
		};
/* End PBXCopyFilesBuildPhase section */

/* Begin PBXFileReference section */
		AE1DEF3520ED779F000ADE19 /* LithiumSecureMessages.app */ = {isa = PBXFileReference; explicitFileType = wrapper.application; includeInIndex = 0; path = LithiumSecureMessages.app; sourceTree = BUILT_PRODUCTS_DIR; };
		AE1DEF3820ED779F000ADE19 /* AppDelegate.swift */ = {isa = PBXFileReference; lastKnownFileType = sourcecode.swift; path = AppDelegate.swift; sourceTree = "<group>"; };
		AE1DEF3A20ED779F000ADE19 /* ViewController.swift */ = {isa = PBXFileReference; lastKnownFileType = sourcecode.swift; path = ViewController.swift; sourceTree = "<group>"; };
		AE1DEF3D20ED779F000ADE19 /* Base */ = {isa = PBXFileReference; lastKnownFileType = file.storyboard; name = Base; path = Base.lproj/Main.storyboard; sourceTree = "<group>"; };
		AE1DEF4220ED779F000ADE19 /* Base */ = {isa = PBXFileReference; lastKnownFileType = file.storyboard; name = Base; path = Base.lproj/LaunchScreen.storyboard; sourceTree = "<group>"; };
		AE1DEF4420ED779F000ADE19 /* Info.plist */ = {isa = PBXFileReference; lastKnownFileType = text.plist.xml; path = Info.plist; sourceTree = "<group>"; };
		AE1DEF4920ED779F000ADE19 /* LithiumSecureMessagesTests.xctest */ = {isa = PBXFileReference; explicitFileType = wrapper.cfbundle; includeInIndex = 0; path = LithiumSecureMessagesTests.xctest; sourceTree = BUILT_PRODUCTS_DIR; };
		AE1DEF4D20ED779F000ADE19 /* LithiumSecureMessagesTests.swift */ = {isa = PBXFileReference; lastKnownFileType = sourcecode.swift; path = LithiumSecureMessagesTests.swift; sourceTree = "<group>"; };
		AE1DEF4F20ED779F000ADE19 /* Info.plist */ = {isa = PBXFileReference; lastKnownFileType = text.plist.xml; path = Info.plist; sourceTree = "<group>"; };
		AE1DEF5420ED779F000ADE19 /* LithiumSecureMessagesUITests.xctest */ = {isa = PBXFileReference; explicitFileType = wrapper.cfbundle; includeInIndex = 0; path = LithiumSecureMessagesUITests.xctest; sourceTree = BUILT_PRODUCTS_DIR; };
		AE1DEF5820ED779F000ADE19 /* LithiumSecureMessagesUITests.swift */ = {isa = PBXFileReference; lastKnownFileType = sourcecode.swift; path = LithiumSecureMessagesUITests.swift; sourceTree = "<group>"; };
		AE1DEF5A20ED779F000ADE19 /* Info.plist */ = {isa = PBXFileReference; lastKnownFileType = text.plist.xml; path = Info.plist; sourceTree = "<group>"; };
		AE1DEF6620ED784F000ADE19 /* Assets.xcassets */ = {isa = PBXFileReference; lastKnownFileType = folder.assetcatalog; name = Assets.xcassets; path = ../../Randomizly/Randomizly/Assets.xcassets; sourceTree = "<group>"; };
		AE1DEF6920ED7944000ADE19 /* Smooch.framework */ = {isa = PBXFileReference; lastKnownFileType = wrapper.framework; name = Smooch.framework; path = ../Randomizly/Randomizly/Carthage/Build/iOS/Smooch.framework; sourceTree = "<group>"; };
		AEC2F0E220ED8126006DF6E8 /* Smooch.framework */ = {isa = PBXFileReference; lastKnownFileType = wrapper.framework; path = Smooch.framework; sourceTree = "<group>"; };
		AEC2F0E720EE9D3D006DF6E8 /* SmoochLocalizable.strings.BAK */ = {isa = PBXFileReference; lastKnownFileType = text; path = SmoochLocalizable.strings.BAK; sourceTree = "<group>"; };
/* End PBXFileReference section */

/* Begin PBXFrameworksBuildPhase section */
		AE1DEF3220ED779F000ADE19 /* Frameworks */ = {
			isa = PBXFrameworksBuildPhase;
			buildActionMask = 2147483647;
			files = (
				AEC2F0E520EDD05A006DF6E8 /* Smooch.framework in Frameworks */,
			);
			runOnlyForDeploymentPostprocessing = 0;
		};
		AE1DEF4620ED779F000ADE19 /* Frameworks */ = {
			isa = PBXFrameworksBuildPhase;
			buildActionMask = 2147483647;
			files = (
			);
			runOnlyForDeploymentPostprocessing = 0;
		};
		AE1DEF5120ED779F000ADE19 /* Frameworks */ = {
			isa = PBXFrameworksBuildPhase;
			buildActionMask = 2147483647;
			files = (
			);
			runOnlyForDeploymentPostprocessing = 0;
		};
/* End PBXFrameworksBuildPhase section */

/* Begin PBXGroup section */
		AE1DEF2C20ED779F000ADE19 = {
			isa = PBXGroup;
			children = (
				AEC2F0E720EE9D3D006DF6E8 /* SmoochLocalizable.strings.BAK */,
				AEC2F0E220ED8126006DF6E8 /* Smooch.framework */,
				AE1DEF3720ED779F000ADE19 /* LithiumSecureMessages */,
				AE1DEF4C20ED779F000ADE19 /* LithiumSecureMessagesTests */,
				AE1DEF5720ED779F000ADE19 /* LithiumSecureMessagesUITests */,
				AE1DEF3620ED779F000ADE19 /* Products */,
				AE1DEF6820ED7944000ADE19 /* Frameworks */,
			);
			sourceTree = "<group>";
		};
		AE1DEF3620ED779F000ADE19 /* Products */ = {
			isa = PBXGroup;
			children = (
				AE1DEF3520ED779F000ADE19 /* LithiumSecureMessages.app */,
				AE1DEF4920ED779F000ADE19 /* LithiumSecureMessagesTests.xctest */,
				AE1DEF5420ED779F000ADE19 /* LithiumSecureMessagesUITests.xctest */,
			);
			name = Products;
			sourceTree = "<group>";
		};
		AE1DEF3720ED779F000ADE19 /* LithiumSecureMessages */ = {
			isa = PBXGroup;
			children = (
				AE1DEF3820ED779F000ADE19 /* AppDelegate.swift */,
				AE1DEF3A20ED779F000ADE19 /* ViewController.swift */,
				AE1DEF3C20ED779F000ADE19 /* Main.storyboard */,
				AE1DEF6620ED784F000ADE19 /* Assets.xcassets */,
				AE1DEF4120ED779F000ADE19 /* LaunchScreen.storyboard */,
				AE1DEF4420ED779F000ADE19 /* Info.plist */,
			);
			path = LithiumSecureMessages;
			sourceTree = "<group>";
		};
		AE1DEF4C20ED779F000ADE19 /* LithiumSecureMessagesTests */ = {
			isa = PBXGroup;
			children = (
				AE1DEF4D20ED779F000ADE19 /* LithiumSecureMessagesTests.swift */,
				AE1DEF4F20ED779F000ADE19 /* Info.plist */,
			);
			path = LithiumSecureMessagesTests;
			sourceTree = "<group>";
		};
		AE1DEF5720ED779F000ADE19 /* LithiumSecureMessagesUITests */ = {
			isa = PBXGroup;
			children = (
				AE1DEF5820ED779F000ADE19 /* LithiumSecureMessagesUITests.swift */,
				AE1DEF5A20ED779F000ADE19 /* Info.plist */,
			);
			path = LithiumSecureMessagesUITests;
			sourceTree = "<group>";
		};
		AE1DEF6820ED7944000ADE19 /* Frameworks */ = {
			isa = PBXGroup;
			children = (
				AE1DEF6920ED7944000ADE19 /* Smooch.framework */,
			);
			name = Frameworks;
			sourceTree = "<group>";
		};
/* End PBXGroup section */

/* Begin PBXNativeTarget section */
		AE1DEF3420ED779F000ADE19 /* LithiumSecureMessages */ = {
			isa = PBXNativeTarget;
			buildConfigurationList = AE1DEF5D20ED779F000ADE19 /* Build configuration list for PBXNativeTarget "LithiumSecureMessages" */;
			buildPhases = (
				AE1DEF3120ED779F000ADE19 /* Sources */,
				AE1DEF3220ED779F000ADE19 /* Frameworks */,
				AE1DEF3320ED779F000ADE19 /* Resources */,
				AE1DEF6D20ED79B6000ADE19 /* Embed Frameworks */,
			);
			buildRules = (
			);
			dependencies = (
			);
			name = LithiumSecureMessages;
			productName = LithiumSecureMessages;
			productReference = AE1DEF3520ED779F000ADE19 /* LithiumSecureMessages.app */;
			productType = "com.apple.product-type.application";
		};
		AE1DEF4820ED779F000ADE19 /* LithiumSecureMessagesTests */ = {
			isa = PBXNativeTarget;
			buildConfigurationList = AE1DEF6020ED779F000ADE19 /* Build configuration list for PBXNativeTarget "LithiumSecureMessagesTests" */;
			buildPhases = (
				AE1DEF4520ED779F000ADE19 /* Sources */,
				AE1DEF4620ED779F000ADE19 /* Frameworks */,
				AE1DEF4720ED779F000ADE19 /* Resources */,
			);
			buildRules = (
			);
			dependencies = (
				AE1DEF4B20ED779F000ADE19 /* PBXTargetDependency */,
			);
			name = LithiumSecureMessagesTests;
			productName = LithiumSecureMessagesTests;
			productReference = AE1DEF4920ED779F000ADE19 /* LithiumSecureMessagesTests.xctest */;
			productType = "com.apple.product-type.bundle.unit-test";
		};
		AE1DEF5320ED779F000ADE19 /* LithiumSecureMessagesUITests */ = {
			isa = PBXNativeTarget;
			buildConfigurationList = AE1DEF6320ED779F000ADE19 /* Build configuration list for PBXNativeTarget "LithiumSecureMessagesUITests" */;
			buildPhases = (
				AE1DEF5020ED779F000ADE19 /* Sources */,
				AE1DEF5120ED779F000ADE19 /* Frameworks */,
				AE1DEF5220ED779F000ADE19 /* Resources */,
			);
			buildRules = (
			);
			dependencies = (
				AE1DEF5620ED779F000ADE19 /* PBXTargetDependency */,
			);
			name = LithiumSecureMessagesUITests;
			productName = LithiumSecureMessagesUITests;
			productReference = AE1DEF5420ED779F000ADE19 /* LithiumSecureMessagesUITests.xctest */;
			productType = "com.apple.product-type.bundle.ui-testing";
		};
/* End PBXNativeTarget section */

/* Begin PBXProject section */
		AE1DEF2D20ED779F000ADE19 /* Project object */ = {
			isa = PBXProject;
			attributes = {
				LastSwiftUpdateCheck = 0920;
				LastUpgradeCheck = 0920;
				ORGANIZATIONNAME = Lithium;
				TargetAttributes = {
					AE1DEF3420ED779F000ADE19 = {
						CreatedOnToolsVersion = 9.2;
						ProvisioningStyle = Automatic;
					};
					AE1DEF4820ED779F000ADE19 = {
						CreatedOnToolsVersion = 9.2;
						ProvisioningStyle = Automatic;
						TestTargetID = AE1DEF3420ED779F000ADE19;
					};
					AE1DEF5320ED779F000ADE19 = {
						CreatedOnToolsVersion = 9.2;
						ProvisioningStyle = Automatic;
						TestTargetID = AE1DEF3420ED779F000ADE19;
					};
				};
			};
			buildConfigurationList = AE1DEF3020ED779F000ADE19 /* Build configuration list for PBXProject "LithiumSecureMessages" */;
			compatibilityVersion = "Xcode 8.0";
			developmentRegion = en;
			hasScannedForEncodings = 0;
			knownRegions = (
				en,
				Base,
			);
			mainGroup = AE1DEF2C20ED779F000ADE19;
			productRefGroup = AE1DEF3620ED779F000ADE19 /* Products */;
			projectDirPath = "";
			projectRoot = "";
			targets = (
				AE1DEF3420ED779F000ADE19 /* LithiumSecureMessages */,
				AE1DEF4820ED779F000ADE19 /* LithiumSecureMessagesTests */,
				AE1DEF5320ED779F000ADE19 /* LithiumSecureMessagesUITests */,
			);
		};
/* End PBXProject section */

/* Begin PBXResourcesBuildPhase section */
		AE1DEF3320ED779F000ADE19 /* Resources */ = {
			isa = PBXResourcesBuildPhase;
			buildActionMask = 2147483647;
			files = (
				AEC2F0E820EE9D3D006DF6E8 /* SmoochLocalizable.strings.BAK in Resources */,
				AE1DEF4320ED779F000ADE19 /* LaunchScreen.storyboard in Resources */,
				AE1DEF6720ED784F000ADE19 /* Assets.xcassets in Resources */,
				AE1DEF3E20ED779F000ADE19 /* Main.storyboard in Resources */,
			);
			runOnlyForDeploymentPostprocessing = 0;
		};
		AE1DEF4720ED779F000ADE19 /* Resources */ = {
			isa = PBXResourcesBuildPhase;
			buildActionMask = 2147483647;
			files = (
			);
			runOnlyForDeploymentPostprocessing = 0;
		};
		AE1DEF5220ED779F000ADE19 /* Resources */ = {
			isa = PBXResourcesBuildPhase;
			buildActionMask = 2147483647;
			files = (
			);
			runOnlyForDeploymentPostprocessing = 0;
		};
/* End PBXResourcesBuildPhase section */

/* Begin PBXSourcesBuildPhase section */
		AE1DEF3120ED779F000ADE19 /* Sources */ = {
			isa = PBXSourcesBuildPhase;
			buildActionMask = 2147483647;
			files = (
				AE1DEF3B20ED779F000ADE19 /* ViewController.swift in Sources */,
				AE1DEF3920ED779F000ADE19 /* AppDelegate.swift in Sources */,
			);
			runOnlyForDeploymentPostprocessing = 0;
		};
		AE1DEF4520ED779F000ADE19 /* Sources */ = {
			isa = PBXSourcesBuildPhase;
			buildActionMask = 2147483647;
			files = (
				AE1DEF4E20ED779F000ADE19 /* LithiumSecureMessagesTests.swift in Sources */,
			);
			runOnlyForDeploymentPostprocessing = 0;
		};
		AE1DEF5020ED779F000ADE19 /* Sources */ = {
			isa = PBXSourcesBuildPhase;
			buildActionMask = 2147483647;
			files = (
				AE1DEF5920ED779F000ADE19 /* LithiumSecureMessagesUITests.swift in Sources */,
			);
			runOnlyForDeploymentPostprocessing = 0;
		};
/* End PBXSourcesBuildPhase section */

/* Begin PBXTargetDependency section */
		AE1DEF4B20ED779F000ADE19 /* PBXTargetDependency */ = {
			isa = PBXTargetDependency;
			target = AE1DEF3420ED779F000ADE19 /* LithiumSecureMessages */;
			targetProxy = AE1DEF4A20ED779F000ADE19 /* PBXContainerItemProxy */;
		};
		AE1DEF5620ED779F000ADE19 /* PBXTargetDependency */ = {
			isa = PBXTargetDependency;
			target = AE1DEF3420ED779F000ADE19 /* LithiumSecureMessages */;
			targetProxy = AE1DEF5520ED779F000ADE19 /* PBXContainerItemProxy */;
		};
/* End PBXTargetDependency section */

/* Begin PBXVariantGroup section */
		AE1DEF3C20ED779F000ADE19 /* Main.storyboard */ = {
			isa = PBXVariantGroup;
			children = (
				AE1DEF3D20ED779F000ADE19 /* Base */,
			);
			name = Main.storyboard;
			sourceTree = "<group>";
		};
		AE1DEF4120ED779F000ADE19 /* LaunchScreen.storyboard */ = {
			isa = PBXVariantGroup;
			children = (
				AE1DEF4220ED779F000ADE19 /* Base */,
			);
			name = LaunchScreen.storyboard;
			sourceTree = "<group>";
		};
/* End PBXVariantGroup section */

/* Begin XCBuildConfiguration section */
		AE1DEF5B20ED779F000ADE19 /* Debug */ = {
			isa = XCBuildConfiguration;
			buildSettings = {
				ALWAYS_SEARCH_USER_PATHS = NO;
				CLANG_ANALYZER_NONNULL = YES;
				CLANG_ANALYZER_NUMBER_OBJECT_CONVERSION = YES_AGGRESSIVE;
				CLANG_CXX_LANGUAGE_STANDARD = "gnu++14";
				CLANG_CXX_LIBRARY = "libc++";
				CLANG_ENABLE_MODULES = YES;
				CLANG_ENABLE_OBJC_ARC = YES;
				CLANG_WARN_BLOCK_CAPTURE_AUTORELEASING = YES;
				CLANG_WARN_BOOL_CONVERSION = YES;
				CLANG_WARN_COMMA = YES;
				CLANG_WARN_CONSTANT_CONVERSION = YES;
				CLANG_WARN_DIRECT_OBJC_ISA_USAGE = YES_ERROR;
				CLANG_WARN_DOCUMENTATION_COMMENTS = YES;
				CLANG_WARN_EMPTY_BODY = YES;
				CLANG_WARN_ENUM_CONVERSION = YES;
				CLANG_WARN_INFINITE_RECURSION = YES;
				CLANG_WARN_INT_CONVERSION = YES;
				CLANG_WARN_NON_LITERAL_NULL_CONVERSION = YES;
				CLANG_WARN_OBJC_LITERAL_CONVERSION = YES;
				CLANG_WARN_OBJC_ROOT_CLASS = YES_ERROR;
				CLANG_WARN_RANGE_LOOP_ANALYSIS = YES;
				CLANG_WARN_STRICT_PROTOTYPES = YES;
				CLANG_WARN_SUSPICIOUS_MOVE = YES;
				CLANG_WARN_UNGUARDED_AVAILABILITY = YES_AGGRESSIVE;
				CLANG_WARN_UNREACHABLE_CODE = YES;
				CLANG_WARN__DUPLICATE_METHOD_MATCH = YES;
				CODE_SIGN_IDENTITY = "iPhone Developer";
				COPY_PHASE_STRIP = NO;
				DEBUG_INFORMATION_FORMAT = dwarf;
				ENABLE_STRICT_OBJC_MSGSEND = YES;
				ENABLE_TESTABILITY = YES;
				GCC_C_LANGUAGE_STANDARD = gnu11;
				GCC_DYNAMIC_NO_PIC = NO;
				GCC_NO_COMMON_BLOCKS = YES;
				GCC_OPTIMIZATION_LEVEL = 0;
				GCC_PREPROCESSOR_DEFINITIONS = (
					"DEBUG=1",
					"$(inherited)",
				);
				GCC_WARN_64_TO_32_BIT_CONVERSION = YES;
				GCC_WARN_ABOUT_RETURN_TYPE = YES_ERROR;
				GCC_WARN_UNDECLARED_SELECTOR = YES;
				GCC_WARN_UNINITIALIZED_AUTOS = YES_AGGRESSIVE;
				GCC_WARN_UNUSED_FUNCTION = YES;
				GCC_WARN_UNUSED_VARIABLE = YES;
				IPHONEOS_DEPLOYMENT_TARGET = 11.2;
				MTL_ENABLE_DEBUG_INFO = YES;
				ONLY_ACTIVE_ARCH = YES;
				SDKROOT = iphoneos;
				SWIFT_ACTIVE_COMPILATION_CONDITIONS = DEBUG;
				SWIFT_OPTIMIZATION_LEVEL = "-Onone";
			};
			name = Debug;
		};
		AE1DEF5C20ED779F000ADE19 /* Release */ = {
			isa = XCBuildConfiguration;
			buildSettings = {
				ALWAYS_SEARCH_USER_PATHS = NO;
				CLANG_ANALYZER_NONNULL = YES;
				CLANG_ANALYZER_NUMBER_OBJECT_CONVERSION = YES_AGGRESSIVE;
				CLANG_CXX_LANGUAGE_STANDARD = "gnu++14";
				CLANG_CXX_LIBRARY = "libc++";
				CLANG_ENABLE_MODULES = YES;
				CLANG_ENABLE_OBJC_ARC = YES;
				CLANG_WARN_BLOCK_CAPTURE_AUTORELEASING = YES;
				CLANG_WARN_BOOL_CONVERSION = YES;
				CLANG_WARN_COMMA = YES;
				CLANG_WARN_CONSTANT_CONVERSION = YES;
				CLANG_WARN_DIRECT_OBJC_ISA_USAGE = YES_ERROR;
				CLANG_WARN_DOCUMENTATION_COMMENTS = YES;
				CLANG_WARN_EMPTY_BODY = YES;
				CLANG_WARN_ENUM_CONVERSION = YES;
				CLANG_WARN_INFINITE_RECURSION = YES;
				CLANG_WARN_INT_CONVERSION = YES;
				CLANG_WARN_NON_LITERAL_NULL_CONVERSION = YES;
				CLANG_WARN_OBJC_LITERAL_CONVERSION = YES;
				CLANG_WARN_OBJC_ROOT_CLASS = YES_ERROR;
				CLANG_WARN_RANGE_LOOP_ANALYSIS = YES;
				CLANG_WARN_STRICT_PROTOTYPES = YES;
				CLANG_WARN_SUSPICIOUS_MOVE = YES;
				CLANG_WARN_UNGUARDED_AVAILABILITY = YES_AGGRESSIVE;
				CLANG_WARN_UNREACHABLE_CODE = YES;
				CLANG_WARN__DUPLICATE_METHOD_MATCH = YES;
				CODE_SIGN_IDENTITY = "iPhone Developer";
				COPY_PHASE_STRIP = NO;
				DEBUG_INFORMATION_FORMAT = "dwarf-with-dsym";
				ENABLE_NS_ASSERTIONS = NO;
				ENABLE_STRICT_OBJC_MSGSEND = YES;
				GCC_C_LANGUAGE_STANDARD = gnu11;
				GCC_NO_COMMON_BLOCKS = YES;
				GCC_WARN_64_TO_32_BIT_CONVERSION = YES;
				GCC_WARN_ABOUT_RETURN_TYPE = YES_ERROR;
				GCC_WARN_UNDECLARED_SELECTOR = YES;
				GCC_WARN_UNINITIALIZED_AUTOS = YES_AGGRESSIVE;
				GCC_WARN_UNUSED_FUNCTION = YES;
				GCC_WARN_UNUSED_VARIABLE = YES;
				IPHONEOS_DEPLOYMENT_TARGET = 11.2;
				MTL_ENABLE_DEBUG_INFO = NO;
				SDKROOT = iphoneos;
				SWIFT_OPTIMIZATION_LEVEL = "-Owholemodule";
				VALIDATE_PRODUCT = YES;
			};
			name = Release;
		};
		AE1DEF5E20ED779F000ADE19 /* Debug */ = {
			isa = XCBuildConfiguration;
			buildSettings = {
				ASSETCATALOG_COMPILER_APPICON_NAME = AppIcon;
				CODE_SIGN_STYLE = Automatic;
				FRAMEWORK_SEARCH_PATHS = (
					"$(inherited)",
					"$(PROJECT_DIR)",
				);
				INFOPLIST_FILE = LithiumSecureMessages/Info.plist;
				LD_RUNPATH_SEARCH_PATHS = "$(inherited) @executable_path/Frameworks";
				PRODUCT_BUNDLE_IDENTIFIER = com.lithium.LithiumSecureMessages;
				PRODUCT_NAME = "$(TARGET_NAME)";
				SWIFT_VERSION = 4.0;
				TARGETED_DEVICE_FAMILY = "1,2";
			};
			name = Debug;
		};
		AE1DEF5F20ED779F000ADE19 /* Release */ = {
			isa = XCBuildConfiguration;
			buildSettings = {
				ASSETCATALOG_COMPILER_APPICON_NAME = AppIcon;
				CODE_SIGN_STYLE = Automatic;
				FRAMEWORK_SEARCH_PATHS = (
					"$(inherited)",
					"$(PROJECT_DIR)",
				);
				INFOPLIST_FILE = LithiumSecureMessages/Info.plist;
				LD_RUNPATH_SEARCH_PATHS = "$(inherited) @executable_path/Frameworks";
				PRODUCT_BUNDLE_IDENTIFIER = com.lithium.LithiumSecureMessages;
				PRODUCT_NAME = "$(TARGET_NAME)";
				SWIFT_VERSION = 4.0;
				TARGETED_DEVICE_FAMILY = "1,2";
			};
			name = Release;
		};
		AE1DEF6120ED779F000ADE19 /* Debug */ = {
			isa = XCBuildConfiguration;
			buildSettings = {
				ALWAYS_EMBED_SWIFT_STANDARD_LIBRARIES = YES;
				BUNDLE_LOADER = "$(TEST_HOST)";
				CODE_SIGN_STYLE = Automatic;
				INFOPLIST_FILE = LithiumSecureMessagesTests/Info.plist;
				LD_RUNPATH_SEARCH_PATHS = "$(inherited) @executable_path/Frameworks @loader_path/Frameworks";
				PRODUCT_BUNDLE_IDENTIFIER = com.lithium.LithiumSecureMessagesTests;
				PRODUCT_NAME = "$(TARGET_NAME)";
				SWIFT_VERSION = 4.0;
				TARGETED_DEVICE_FAMILY = "1,2";
				TEST_HOST = "$(BUILT_PRODUCTS_DIR)/LithiumSecureMessages.app/LithiumSecureMessages";
			};
			name = Debug;
		};
		AE1DEF6220ED779F000ADE19 /* Release */ = {
			isa = XCBuildConfiguration;
			buildSettings = {
				ALWAYS_EMBED_SWIFT_STANDARD_LIBRARIES = YES;
				BUNDLE_LOADER = "$(TEST_HOST)";
				CODE_SIGN_STYLE = Automatic;
				INFOPLIST_FILE = LithiumSecureMessagesTests/Info.plist;
				LD_RUNPATH_SEARCH_PATHS = "$(inherited) @executable_path/Frameworks @loader_path/Frameworks";
				PRODUCT_BUNDLE_IDENTIFIER = com.lithium.LithiumSecureMessagesTests;
				PRODUCT_NAME = "$(TARGET_NAME)";
				SWIFT_VERSION = 4.0;
				TARGETED_DEVICE_FAMILY = "1,2";
				TEST_HOST = "$(BUILT_PRODUCTS_DIR)/LithiumSecureMessages.app/LithiumSecureMessages";
			};
			name = Release;
		};
		AE1DEF6420ED779F000ADE19 /* Debug */ = {
			isa = XCBuildConfiguration;
			buildSettings = {
				ALWAYS_EMBED_SWIFT_STANDARD_LIBRARIES = YES;
				CODE_SIGN_STYLE = Automatic;
				INFOPLIST_FILE = LithiumSecureMessagesUITests/Info.plist;
				LD_RUNPATH_SEARCH_PATHS = "$(inherited) @executable_path/Frameworks @loader_path/Frameworks";
				PRODUCT_BUNDLE_IDENTIFIER = com.lithium.LithiumSecureMessagesUITests;
				PRODUCT_NAME = "$(TARGET_NAME)";
				SWIFT_VERSION = 4.0;
				TARGETED_DEVICE_FAMILY = "1,2";
				TEST_TARGET_NAME = LithiumSecureMessages;
			};
			name = Debug;
		};
		AE1DEF6520ED779F000ADE19 /* Release */ = {
			isa = XCBuildConfiguration;
			buildSettings = {
				ALWAYS_EMBED_SWIFT_STANDARD_LIBRARIES = YES;
				CODE_SIGN_STYLE = Automatic;
				INFOPLIST_FILE = LithiumSecureMessagesUITests/Info.plist;
				LD_RUNPATH_SEARCH_PATHS = "$(inherited) @executable_path/Frameworks @loader_path/Frameworks";
				PRODUCT_BUNDLE_IDENTIFIER = com.lithium.LithiumSecureMessagesUITests;
				PRODUCT_NAME = "$(TARGET_NAME)";
				SWIFT_VERSION = 4.0;
				TARGETED_DEVICE_FAMILY = "1,2";
				TEST_TARGET_NAME = LithiumSecureMessages;
			};
			name = Release;
		};
/* End XCBuildConfiguration section */

/* Begin XCConfigurationList section */
		AE1DEF3020ED779F000ADE19 /* Build configuration list for PBXProject "LithiumSecureMessages" */ = {
			isa = XCConfigurationList;
			buildConfigurations = (
				AE1DEF5B20ED779F000ADE19 /* Debug */,
				AE1DEF5C20ED779F000ADE19 /* Release */,
			);
			defaultConfigurationIsVisible = 0;
			defaultConfigurationName = Release;
		};
		AE1DEF5D20ED779F000ADE19 /* Build configuration list for PBXNativeTarget "LithiumSecureMessages" */ = {
			isa = XCConfigurationList;
			buildConfigurations = (
				AE1DEF5E20ED779F000ADE19 /* Debug */,
				AE1DEF5F20ED779F000ADE19 /* Release */,
			);
			defaultConfigurationIsVisible = 0;
			defaultConfigurationName = Release;
		};
		AE1DEF6020ED779F000ADE19 /* Build configuration list for PBXNativeTarget "LithiumSecureMessagesTests" */ = {
			isa = XCConfigurationList;
			buildConfigurations = (
				AE1DEF6120ED779F000ADE19 /* Debug */,
				AE1DEF6220ED779F000ADE19 /* Release */,
			);
			defaultConfigurationIsVisible = 0;
			defaultConfigurationName = Release;
		};
		AE1DEF6320ED779F000ADE19 /* Build configuration list for PBXNativeTarget "LithiumSecureMessagesUITests" */ = {
			isa = XCConfigurationList;
			buildConfigurations = (
				AE1DEF6420ED779F000ADE19 /* Debug */,
				AE1DEF6520ED779F000ADE19 /* Release */,
			);
			defaultConfigurationIsVisible = 0;
			defaultConfigurationName = Release;
		};
/* End XCConfigurationList section */
	};
	rootObject = AE1DEF2D20ED779F000ADE19 /* Project object */;
}
